# This is an Anaconda project lock file.
# The lock file locks down exact versions of all your dependencies.
#
# In most cases, this file is automatically maintained by the `anaconda-project` command or GUI tools.
# It's best to keep this file in revision control (such as git or svn).
# The file is in YAML format, please see http://www.yaml.org/start.html for more.
#

#
# Set to false to ignore locked versions.
#
locking_enabled: true

#
# A key goes in here for each env spec.
#
env_specs:
  user:
    locked: false
  developer:
    locked: true
    env_spec_hash: 76593b82f6c43742088f9d0cc4bcc2369c4a91ab
    platforms:
    - linux-64
    - osx-64
    - win-64
    packages:
      all:
      - async_generator=1.10=py_0
      - attrs=21.2.0=pyhd8ed1ab_0
      - babel=2.9.1=pyh44b312d_0
      - backcall=0.2.0=pyh9f0ad1d_0
      - backports.functools_lru_cache=1.6.4=pyhd8ed1ab_0
      - backports=1.0=py_2
      - black=21.10b0=pyhd8ed1ab_0
      - bleach=4.1.0=pyhd8ed1ab_0
      - charset-normalizer=2.0.0=pyhd8ed1ab_0
      - colorama=0.4.4=pyh9f0ad1d_0
      - cycler=0.11.0=pyhd8ed1ab_0
      - dataclasses=0.8=pyhc8e2a94_3
      - decorator=5.1.0=pyhd8ed1ab_0
      - defusedxml=0.7.1=pyhd8ed1ab_0
      - entrypoints=0.3=pyhd8ed1ab_1003
      - execnet=1.9.0=pyhd8ed1ab_0
      - flake8=4.0.1=pyhd8ed1ab_1
      - idna=3.1=pyhd3deb0d_0
      - importlib_resources=5.4.0=pyhd8ed1ab_0
      - iniconfig=1.1.1=pyh9f0ad1d_0
      - ipycanvas=0.9.1=pyhd8ed1ab_0
      - ipycytoscape=1.2.2=pyhd8ed1ab_0
      - ipyevents=2.0.1=pyhd8ed1ab_0
      - ipython_genutils=0.2.0=py_1
      - ipytree=0.2.1=pyhd8ed1ab_0
      - ipywidgets=7.6.5=pyhd8ed1ab_0
      - isort=5.10.0=pyhd8ed1ab_0
      - jinja2=3.0.2=pyhd8ed1ab_0
      - json5=0.9.5=pyh9f0ad1d_0
      - jsonschema=4.2.1=pyhd8ed1ab_0
      - jupyter_client=7.0.6=pyhd8ed1ab_0
      - jupyter_server=1.11.2=pyhd8ed1ab_0
      - jupyterlab=3.2.2=pyhd8ed1ab_0
      - jupyterlab_pygments=0.1.2=pyh9f0ad1d_0
      - jupyterlab_server=2.8.2=pyhd8ed1ab_0
      - jupyterlab_widgets=1.0.2=pyhd8ed1ab_0
      - matplotlib-inline=0.1.3=pyhd8ed1ab_0
      - mccabe=0.6.1=py_1
      - more-itertools=8.10.0=pyhd8ed1ab_0
      - nbclassic=0.3.4=pyhd8ed1ab_0
      - nbclient=0.5.4=pyhd8ed1ab_0
      - nbformat=5.1.3=pyhd8ed1ab_0
      - nest-asyncio=1.5.1=pyhd8ed1ab_0
      - networkx=2.6.3=pyhd8ed1ab_1
      - notebook=6.4.5=pyha770c72_0
      - olefile=0.46=pyh9f0ad1d_1
      - packaging=21.0=pyhd8ed1ab_0
      - pandocfilters=1.5.0=pyhd8ed1ab_0
      - parso=0.8.2=pyhd8ed1ab_0
      - pathspec=0.9.0=pyhd8ed1ab_0
      - pathy=0.6.1=pyhd8ed1ab_0
      - pdf2image=1.16.0=pyhd8ed1ab_0
      - pickleshare=0.7.5=py_1003
      - pip=21.3.1=pyhd8ed1ab_0
      - platformdirs=2.3.0=pyhd8ed1ab_0
      - prometheus_client=0.12.0=pyhd8ed1ab_0
      - prompt-toolkit=3.0.22=pyha770c72_0
      - py=1.11.0=pyh6c4a22f_0
      - pycodestyle=2.8.0=pyhd8ed1ab_0
      - pycparser=2.21=pyhd8ed1ab_0
      - pyflakes=2.4.0=pyhd8ed1ab_0
      - pygments=2.10.0=pyhd8ed1ab_0
      - pylint=2.11.1=pyhd8ed1ab_0
      - pyopenssl=21.0.0=pyhd8ed1ab_0
      - pyparsing=3.0.5=pyhd8ed1ab_0
      - pytesseract=0.3.8=pyhd8ed1ab_0
      - pytest-asyncio=0.16.0=pyhd8ed1ab_0
      - pytest-cov=3.0.0=pyhd8ed1ab_0
      - pytest-forked=1.3.0=pyhd3deb0d_0
      - pytest-html=3.1.1=pyhd8ed1ab_0
      - pytest-metadata=1.11.0=pyhd3deb0d_0
      - pytest-xdist=2.4.0=pyhd8ed1ab_0
      - python-dateutil=2.8.2=pyhd8ed1ab_0
      - python_abi=3.9=2_cp39
      - pytz=2021.3=pyhd8ed1ab_0
      - requests=2.26.0=pyhd8ed1ab_0
      - send2trash=1.8.0=pyhd8ed1ab_0
      - shellingham=1.4.0=pyh44b312d_0
      - six=1.16.0=pyh6c4a22f_0
      - smart_open=5.2.1=pyhd8ed1ab_0
      - spacy-legacy=3.0.8=pyhd8ed1ab_0
      - spectate=1.0.1=pyhd8ed1ab_0
      - testbook=0.4.2=pyhd8ed1ab_0
      - testpath=0.5.0=pyhd8ed1ab_0
      - toml=0.10.2=pyhd8ed1ab_0
      - tomli=1.2.2=pyhd8ed1ab_0
      - tqdm=4.62.3=pyhd8ed1ab_0
      - traitlets=5.1.1=pyhd8ed1ab_0
      - traittypes=0.2.1=pyh9f0ad1d_2
      - typer=0.4.0=pyhd8ed1ab_0
      - typing-extensions=3.10.0.2=hd8ed1ab_0
      - typing_extensions=3.10.0.2=pyha770c72_0
      - tzdata=2021e=he74cb21_0
      - urllib3=1.26.7=pyhd8ed1ab_0
      - wasabi=0.8.2=pyh44b312d_0
      - wcwidth=0.2.5=pyh9f0ad1d_2
      - webencodings=0.5.1=py_1
      - wheel=0.37.0=pyhd8ed1ab_1
      - zipp=3.6.0=pyhd8ed1ab_0
      unix:
      - langcodes=3.2.1=pyhd8ed1ab_0
      - pexpect=4.8.0=pyh9f0ad1d_2
      - ptyprocess=0.7.0=pyhd3deb0d_0
      - spacy-loggers=1.0.1=pyhd8ed1ab_0
      linux-64:
      - _libgcc_mutex=0.1=conda_forge
      - _openmp_mutex=4.5=1_gnu
      - anyio=3.3.4=py39hf3d152e_0
      - argon2-cffi=21.1.0=py39h3811e60_2
      - astroid=2.8.4=py39hf3d152e_0
      - brotlipy=0.7.0=py39h3811e60_1003
      - ca-certificates=2021.10.8=ha878542_0
      - catalogue=2.0.6=py39hf3d152e_0
      - certifi=2021.10.8=py39hf3d152e_1
      - cffi=1.15.0=py39h4bc2ebd_0
      - chardet=4.0.0=py39hf3d152e_2
      - click=8.0.3=py39hf3d152e_1
      - coverage=6.1.1=py39h3811e60_1
      - cryptography=35.0.0=py39h95dcef6_2
      - cymem=2.0.6=py39he80948d_2
      - cython-blis=0.7.5=py39hce5d2b2_1
      - debugpy=1.5.1=py39he80948d_0
      - freetype=2.10.4=h0708190_1
      - importlib-metadata=4.2.0=py39hf3d152e_0
      - ipykernel=6.4.2=py39hef51801_0
      - ipython=7.29.0=py39hef51801_1
      - jbig=2.1=h7f98852_2003
      - jedi=0.18.0=py39hf3d152e_3
      - jpeg=9d=h36c2ea0_0
      - jupyter_core=4.9.1=py39hf3d152e_0
      - kiwisolver=1.3.2=py39h1a9c180_1
      - lazy-object-proxy=1.6.0=py39h3811e60_1
      - lcms2=2.12=hddcbb42_0
      - ld_impl_linux-64=2.36.1=hea4e1c9_2
      - lerc=3.0=h9c3ff4c_0
      - libblas=3.9.0=12_linux64_openblas
      - libcblas=3.9.0=12_linux64_openblas
      - libdeflate=1.8=h7f98852_0
      - libffi=3.4.2=h9c3ff4c_4
      - libgcc-ng=11.2.0=h1d223b6_11
      - libgfortran-ng=11.2.0=h69a702a_11
      - libgfortran5=11.2.0=h5c6108e_11
      - libgomp=11.2.0=h1d223b6_11
      - liblapack=3.9.0=12_linux64_openblas
      - libopenblas=0.3.18=pthreads_h8fe5266_0
      - libpng=1.6.37=h21135ba_2
      - libsodium=1.0.18=h36c2ea0_1
      - libstdcxx-ng=11.2.0=he4da1e4_11
      - libtiff=4.3.0=h6f004c6_2
      - libwebp-base=1.2.1=h7f98852_0
      - libzlib=1.2.11=h36c2ea0_1013
      - lz4-c=1.9.3=h9c3ff4c_1
      - markupsafe=2.0.1=py39h3811e60_1
      - matplotlib-base=3.4.3=py39h2fa2bec_1
      - mistune=0.8.4=py39h3811e60_1005
      - murmurhash=1.0.6=py39he80948d_2
      - mypy_extensions=0.4.3=py39hf3d152e_4
      - nbconvert=6.2.0=py39hf3d152e_0
      - ncurses=6.2=h58526e2_4
      - numpy=1.21.4=py39hdbf815f_0
      - openjpeg=2.4.0=hb52868f_1
      - openssl=1.1.1l=h7f98852_0
      - orjson=3.6.4=py39h3811e60_0
      - pandas=1.3.4=py39hde0f152_1
      - pandoc=2.16.1=h7f98852_0
      - pillow=8.3.2=py39ha612740_0
      - pluggy=1.0.0=py39hf3d152e_2
      - preshed=3.0.6=py39he80948d_1
      - pydantic=1.8.2=py39h3811e60_2
      - pyrsistent=0.18.0=py39h3811e60_0
      - pysocks=1.7.1=py39hf3d152e_4
      - pytest=6.2.5=py39hf3d152e_1
      - python=3.9.7=hb7a2778_3_cpython
      - pyzmq=22.3.0=py39h37b5a0c_1
      - readline=8.1=h46c0cb4_0
      - regex=2021.11.2=py39h3811e60_0
      - scipy=1.7.1=py39hee8e79c_0
      - setuptools=58.5.3=py39hf3d152e_0
      - sniffio=1.2.0=py39hf3d152e_2
      - spacy=3.2.0=py39h5472131_0
      - sqlite=3.36.0=h9cd32fc_2
      - srsly=2.4.2=py39he80948d_0
      - terminado=0.12.1=py39hf3d152e_1
      - thinc=8.0.12=py39h5472131_0
      - tk=8.6.11=h27826a3_1
      - tornado=6.1=py39h3811e60_2
      - typed-ast=1.4.3=py39h3811e60_1
      - websocket-client=0.57.0=py39hf3d152e_6
      - widgetsnbextension=3.5.2=py39hf3d152e_0
      - wrapt=1.12.1=py39h3811e60_3
      - xz=5.2.5=h516909a_1
      - zeromq=4.3.4=h9c3ff4c_1
      - zlib=1.2.11=h36c2ea0_1013
      - zstd=1.5.0=ha95c52a_0
      osx-64:
      - anyio=3.3.4=py39h6e9494a_0
      - appnope=0.1.2=py39h6e9494a_2
      - argon2-cffi=21.1.0=py39h89e85a6_2
      - astroid=2.8.4=py39h6e9494a_0
      - brotlipy=0.7.0=py39h89e85a6_1003
      - ca-certificates=2021.10.8=h033912b_0
      - catalogue=2.0.6=py39h6e9494a_0
      - certifi=2021.10.8=py39h6e9494a_1
      - cffi=1.15.0=py39he338e87_0
      - chardet=4.0.0=py39h6e9494a_2
      - click=8.0.3=py39h6e9494a_1
      - coverage=6.1.1=py39h89e85a6_1
      - cryptography=35.0.0=py39h209aa08_2
      - cymem=2.0.6=py39h9fcab8e_2
      - cython-blis=0.7.5=py39hc89836e_1
      - debugpy=1.5.1=py39h9fcab8e_0
      - freetype=2.10.4=h4cff582_1
      - importlib-metadata=4.2.0=py39h6e9494a_0
      - ipykernel=6.4.2=py39h71a6800_0
      - ipython=7.29.0=py39h71a6800_1
      - jbig=2.1=h0d85af4_2003
      - jedi=0.18.0=py39h6e9494a_3
      - jpeg=9d=hbcb3906_0
      - jupyter_core=4.9.1=py39h6e9494a_0
      - kiwisolver=1.3.2=py39hf018cea_1
      - lazy-object-proxy=1.6.0=py39h89e85a6_1
      - lcms2=2.12=h577c468_0
      - lerc=3.0=he49afe7_0
      - libblas=3.9.0=12_osx64_openblas
      - libcblas=3.9.0=12_osx64_openblas
      - libcxx=12.0.1=habf9029_0
      - libdeflate=1.8=h0d85af4_0
      - libffi=3.4.2=he49afe7_4
      - libgfortran5=9.3.0=h6c81a4c_23
      - libgfortran=5.0.0=9_3_0_h6c81a4c_23
      - liblapack=3.9.0=12_osx64_openblas
      - libopenblas=0.3.18=openmp_h3351f45_0
      - libpng=1.6.37=h7cec526_2
      - libsodium=1.0.18=hbcb3906_1
      - libtiff=4.3.0=hd146c10_2
      - libwebp-base=1.2.1=h0d85af4_0
      - libzlib=1.2.11=h9173be1_1013
      - llvm-openmp=12.0.1=hda6cdc1_1
      - lz4-c=1.9.3=he49afe7_1
      - markupsafe=2.0.1=py39h89e85a6_1
      - matplotlib-base=3.4.3=py39hb07454d_1
      - mistune=0.8.4=py39h89e85a6_1005
      - murmurhash=1.0.6=py39h9fcab8e_2
      - mypy_extensions=0.4.3=py39h6e9494a_4
      - nbconvert=6.2.0=py39h6e9494a_0
      - ncurses=6.2=h2e338ed_4
      - numpy=1.21.4=py39h7eed0ac_0
      - openjpeg=2.4.0=h6e7aa92_1
      - openssl=1.1.1l=h0d85af4_0
      - orjson=3.6.4=py39h89e85a6_0
      - pandas=1.3.4=py39h4d6be9b_1
      - pandoc=2.16.1=h0d85af4_0
      - pillow=8.3.2=py39he9bb72f_0
      - pluggy=1.0.0=py39h6e9494a_2
      - preshed=3.0.6=py39h9fcab8e_1
      - pydantic=1.8.2=py39h89e85a6_2
      - pyrsistent=0.18.0=py39h89e85a6_0
      - pysocks=1.7.1=py39h6e9494a_4
      - pytest=6.2.5=py39h6e9494a_1
      - python=3.9.7=h1248fe1_3_cpython
      - pyzmq=22.3.0=py39h7fec2f1_1
      - readline=8.1=h05e3726_0
      - regex=2021.11.2=py39h89e85a6_0
      - scipy=1.7.1=py39h056f1c0_0
      - setuptools=58.5.3=py39h6e9494a_0
      - sniffio=1.2.0=py39h6e9494a_2
      - spacy=3.2.0=py39ha1f3e3e_0
      - sqlite=3.36.0=h23a322b_2
      - srsly=2.4.2=py39h9fcab8e_0
      - terminado=0.12.1=py39h6e9494a_1
      - thinc=8.0.12=py39ha1f3e3e_0
      - tk=8.6.11=h5dbffcc_1
      - tornado=6.1=py39h89e85a6_2
      - typed-ast=1.4.3=py39h89e85a6_1
      - websocket-client=0.57.0=py39h6e9494a_6
      - widgetsnbextension=3.5.2=py39h6e9494a_0
      - wrapt=1.12.1=py39h89e85a6_3
      - xz=5.2.5=haf1e3a3_1
      - zeromq=4.3.4=he49afe7_1
      - zlib=1.2.11=h9173be1_1013
      - zstd=1.5.0=h582d3a0_0
      win-64:
      - anyio=3.3.4=py39hcbf5309_0
      - argon2-cffi=21.1.0=py39hb82d6ee_2
      - astroid=2.8.4=py39hcbf5309_0
      - atomicwrites=1.4.0=pyh9f0ad1d_0
      - brotlipy=0.7.0=py39hb82d6ee_1003
      - ca-certificates=2021.10.8=h5b45459_0
      - catalogue=2.0.6=py39hcbf5309_0
      - certifi=2021.10.8=py39hcbf5309_1
      - cffi=1.15.0=py39h0878f49_0
      - chardet=4.0.0=py39hcbf5309_2
      - click=8.0.3=py39hcbf5309_1
      - coverage=6.1.1=py39hb82d6ee_1
      - cryptography=35.0.0=py39h7bc7c5c_2
      - cymem=2.0.6=py39h415ef7b_2
      - cython-blis=0.7.5=py39h5d4886f_1
      - debugpy=1.5.1=py39h415ef7b_0
      - freetype=2.10.4=h546665d_1
      - importlib-metadata=4.2.0=py39hcbf5309_0
      - intel-openmp=2021.4.0=h57928b3_3556
      - ipykernel=6.4.2=py39h832f523_0
      - ipython=7.29.0=py39h832f523_1
      - jbig=2.1=h8d14728_2003
      - jedi=0.18.0=py39hcbf5309_3
      - jpeg=9d=h8ffe710_0
      - jupyter_core=4.9.1=py39hcbf5309_0
      - kiwisolver=1.3.2=py39h2e07f2f_1
      - lazy-object-proxy=1.6.0=py39hb82d6ee_1
      - lcms2=2.12=h2a16943_0
      - lerc=3.0=h0e60522_0
      - libblas=3.9.0=12_win64_mkl
      - libcblas=3.9.0=12_win64_mkl
      - libdeflate=1.8=h8ffe710_0
      - liblapack=3.9.0=12_win64_mkl
      - libpng=1.6.37=h1d00b33_2
      - libsodium=1.0.18=h8d14728_1
      - libtiff=4.3.0=hd413186_2
      - libzlib=1.2.11=h8ffe710_1013
      - lz4-c=1.9.3=h8ffe710_1
      - m2w64-gcc-libgfortran=5.3.0=6
      - m2w64-gcc-libs-core=5.3.0=7
      - m2w64-gcc-libs=5.3.0=7
      - m2w64-gmp=6.1.0=2
      - m2w64-libwinpthread-git=5.0.0.4634.697f757=2
      - markupsafe=2.0.1=py39hb82d6ee_1
      - matplotlib-base=3.4.3=py39h581301d_1
      - mistune=0.8.4=py39hb82d6ee_1005
      - mkl=2021.4.0=h0e2418a_729
      - msys2-conda-epoch=20160418=1
      - murmurhash=1.0.6=py39h415ef7b_2
      - mypy_extensions=0.4.3=py39hcbf5309_4
      - nbconvert=6.2.0=py39hcbf5309_0
      - numpy=1.21.4=py39h6635163_0
      - openjpeg=2.4.0=hb211442_1
      - openssl=1.1.1l=h8ffe710_0
      - orjson=3.6.4=py39hcbf5309_0
      - pandas=1.3.4=py39h2e25243_1
      - pandoc=2.16.1=h8ffe710_0
      - pillow=8.3.2=py39h916092e_0
      - pluggy=1.0.0=py39hcbf5309_2
      - preshed=3.0.6=py39h415ef7b_1
      - pydantic=1.8.2=py39hb82d6ee_2
      - pyrsistent=0.18.0=py39hb82d6ee_0
      - pysocks=1.7.1=py39hcbf5309_4
      - pytest=6.2.5=py39hcbf5309_1
      - python=3.9.7=h7840368_3_cpython
      - pywin32=302=py39hb82d6ee_2
      - pywinpty=1.1.5=py39h99910a6_1
      - pyzmq=22.3.0=py39he46f08e_1
      - regex=2021.11.2=py39hb82d6ee_0
      - scipy=1.7.1=py39hc0c34ad_0
      - setuptools=58.5.3=py39hcbf5309_0
      - sniffio=1.2.0=py39hcbf5309_2
      - spacy=3.1.4=py39hefe7e4c_0
      - sqlite=3.36.0=h8ffe710_2
      - srsly=2.4.2=py39h415ef7b_0
      - tbb=2021.4.0=h2d74725_1
      - terminado=0.12.1=py39hcbf5309_1
      - thinc=8.0.12=py39hefe7e4c_0
      - tk=8.6.11=h8ffe710_1
      - tornado=6.1=py39hb82d6ee_2
      - typed-ast=1.4.3=py39hb82d6ee_1
      - ucrt=10.0.20348.0=h57928b3_0
      - vc=14.2=hb210afc_5
      - vs2015_runtime=14.29.30037=h902a5da_5
      - websocket-client=0.57.0=py39hcbf5309_6
      - widgetsnbextension=3.5.2=py39hcbf5309_0
      - win_inet_pton=1.1.0=py39hcbf5309_3
      - winpty=0.4.3=4
      - wrapt=1.12.1=py39hb82d6ee_3
      - xz=5.2.5=h62dcd97_1
      - zeromq=4.3.4=h0e60522_1
      - zlib=1.2.11=h8ffe710_1013
      - zstd=1.5.0=h6255e5f_0
      pip:
      - en-core-web-lg==3.1.0
